
Microsoft Visual Studio Solution File, Format Version 12.00
# Visual Studio 15
VisualStudioVersion = 15.0.27703.2018
MinimumVisualStudioVersion = 10.0.40219.1
Project("{8BC9CEB8-8B4A-11D0-8D11-00A0C91BC942}") = "UoS_C_Programming", "UoS_C_Programming\UoS_C_Programming.vcxproj", "{3C1182D8-C027-4416-88FE-FB110D051298}"
EndProject
Project("{8BC9CEB8-8B4A-11D0-8D11-00A0C91BC942}") = "Lab8", "Lab8\Lab8.vcxproj", "{7CFB5A0A-70F4-4C75-9B6F-0A2C2FC5CC3C}"
EndProject
Global
	GlobalSection(SolutionConfigurationPlatforms) = preSolution
		Debug|x64 = Debug|x64
		Debug|x86 = Debug|x86
		Release|x64 = Release|x64
		Release|x86 = Release|x86
	EndGlobalSection
	GlobalSection(ProjectConfigurationPlatforms) = postSolution
		{3C1182D8-C027-4416-88FE-FB110D051298}.Debug|x64.ActiveCfg = Debug|x64
		{3C1182D8-C027-4416-88FE-FB110D051298}.Debug|x64.Build.0 = Debug|x64
		{3C1182D8-C027-4416-88FE-FB110D051298}.Debug|x86.ActiveCfg = Debug|Win32
		{3C1182D8-C027-4416-88FE-FB110D051298}.Debug|x86.Build.0 = Debug|Win32
		{3C1182D8-C027-4416-88FE-FB110D051298}.Release|x64.ActiveCfg = Release|x64
		{3C1182D8-C027-4416-88FE-FB110D051298}.Release|x64.Build.0 = Release|x64
		{3C1182D8-C027-4416-88FE-FB110D051298}.Release|x86.ActiveCfg = Release|Win32
		{3C1182D8-C027-4416-88FE-FB110D051298}.Release|x86.Build.0 = Release|Win32
		{7CFB5A0A-70F4-4C75-9B6F-0A2C2FC5CC3C}.Debug|x64.ActiveCfg = Debug|x64
		{7CFB5A0A-70F4-4C75-9B6F-0A2C2FC5CC3C}.Debug|x64.Build.0 = Debug|x64
		{7CFB5A0A-70F4-4C75-9B6F-0A2C2FC5CC3C}.Debug|x86.ActiveCfg = Debug|Win32
		{7CFB5A0A-70F4-4C75-9B6F-0A2C2FC5CC3C}.Debug|x86.Build.0 = Debug|Win32
		{7CFB5A0A-70F4-4C75-9B6F-0A2C2FC5CC3C}.Release|x64.ActiveCfg = Release|x64
		{7CFB5A0A-70F4-4C75-9B6F-0A2C2FC5CC3C}.Release|x64.Build.0 = Release|x64
		{7CFB5A0A-70F4-4C75-9B6F-0A2C2FC5CC3C}.Release|x86.ActiveCfg = Release|Win32
		{7CFB5A0A-70F4-4C75-9B6F-0A2C2FC5CC3C}.Release|x86.Build.0 = Release|Win32
	EndGlobalSection
	GlobalSection(SolutionProperties) = preSolution
		HideSolutionNode = FALSE
	EndGlobalSection
	GlobalSection(ExtensibilityGlobals) = postSolution
		SolutionGuid = {0A36F9B7-E742-41AC-AC38-76147FA398CC}
	EndGlobalSection
EndGlobal
